<?xml version="1.0" encoding="UTF-8" standalone="yes" ?>
<CodeBlocks_project_file>
   <FileVersion major="1" minor="6" />
   <Project>
      <Option title="arapaho" />
      <Option makefile_is_custom="1" />
      <Option compiler="gcc" />
      <Option virtualFolders="CMake Files\;" />
      <Build>
      <Target title="all">
         <Option working_dir="/home/charlie/Documents/Two-i/darknet/build-arapaho-Desktop_Qt_5_10_1_GCC_64bit-Du00e9faut" />
         <Option type="4" />
         <MakeCommands>
            <Build command="/usr/bin/make -f &quot;/home/charlie/Documents/Two-i/darknet/build-arapaho-Desktop_Qt_5_10_1_GCC_64bit-Du00e9faut/Makefile&quot;  VERBOSE=1 all" />
            <CompileFile command="/usr/bin/make -f &quot;/home/charlie/Documents/Two-i/darknet/build-arapaho-Desktop_Qt_5_10_1_GCC_64bit-Du00e9faut/Makefile&quot;  VERBOSE=1 &quot;$file&quot;" />
            <Clean command="/usr/bin/make -f &quot;/home/charlie/Documents/Two-i/darknet/build-arapaho-Desktop_Qt_5_10_1_GCC_64bit-Du00e9faut/Makefile&quot;  VERBOSE=1 clean" />
            <DistClean command="/usr/bin/make -f &quot;/home/charlie/Documents/Two-i/darknet/build-arapaho-Desktop_Qt_5_10_1_GCC_64bit-Du00e9faut/Makefile&quot;  VERBOSE=1 clean" />
         </MakeCommands>
      </Target>
      <Target title="rebuild_cache">
         <Option working_dir="/home/charlie/Documents/Two-i/darknet/build-arapaho-Desktop_Qt_5_10_1_GCC_64bit-Du00e9faut" />
         <Option type="4" />
         <MakeCommands>
            <Build command="/usr/bin/make -f &quot;/home/charlie/Documents/Two-i/darknet/build-arapaho-Desktop_Qt_5_10_1_GCC_64bit-Du00e9faut/Makefile&quot;  VERBOSE=1 rebuild_cache" />
            <CompileFile command="/usr/bin/make -f &quot;/home/charlie/Documents/Two-i/darknet/build-arapaho-Desktop_Qt_5_10_1_GCC_64bit-Du00e9faut/Makefile&quot;  VERBOSE=1 &quot;$file&quot;" />
            <Clean command="/usr/bin/make -f &quot;/home/charlie/Documents/Two-i/darknet/build-arapaho-Desktop_Qt_5_10_1_GCC_64bit-Du00e9faut/Makefile&quot;  VERBOSE=1 clean" />
            <DistClean command="/usr/bin/make -f &quot;/home/charlie/Documents/Two-i/darknet/build-arapaho-Desktop_Qt_5_10_1_GCC_64bit-Du00e9faut/Makefile&quot;  VERBOSE=1 clean" />
         </MakeCommands>
      </Target>
      <Target title="edit_cache">
         <Option working_dir="/home/charlie/Documents/Two-i/darknet/build-arapaho-Desktop_Qt_5_10_1_GCC_64bit-Du00e9faut" />
         <Option type="4" />
         <MakeCommands>
            <Build command="/usr/bin/make -f &quot;/home/charlie/Documents/Two-i/darknet/build-arapaho-Desktop_Qt_5_10_1_GCC_64bit-Du00e9faut/Makefile&quot;  VERBOSE=1 edit_cache" />
            <CompileFile command="/usr/bin/make -f &quot;/home/charlie/Documents/Two-i/darknet/build-arapaho-Desktop_Qt_5_10_1_GCC_64bit-Du00e9faut/Makefile&quot;  VERBOSE=1 &quot;$file&quot;" />
            <Clean command="/usr/bin/make -f &quot;/home/charlie/Documents/Two-i/darknet/build-arapaho-Desktop_Qt_5_10_1_GCC_64bit-Du00e9faut/Makefile&quot;  VERBOSE=1 clean" />
            <DistClean command="/usr/bin/make -f &quot;/home/charlie/Documents/Two-i/darknet/build-arapaho-Desktop_Qt_5_10_1_GCC_64bit-Du00e9faut/Makefile&quot;  VERBOSE=1 clean" />
         </MakeCommands>
      </Target>
      <Target title="arapaho">
         <Option output="/home/charlie/Documents/Two-i/darknet/build-arapaho-Desktop_Qt_5_10_1_GCC_64bit-Du00e9faut/arapaho" prefix_auto="0" extension_auto="0" />
         <Option working_dir="/home/charlie/Documents/Two-i/darknet/build-arapaho-Desktop_Qt_5_10_1_GCC_64bit-Du00e9faut" />
         <Option object_output="./" />
         <Option type="1" />
         <Option compiler="gcc" />
         <Compiler>
            <Add option="-DGPU" />
            <Add option="-DCUDNN" />
            <Add directory="/home/charlie/Documents/Two-i/darknet/arapaho/../include" />
            <Add directory="/home/charlie/Documents/Two-i/darknet/arapaho/../src" />
            <Add directory="/usr/include" />
            <Add directory="/usr/include/c++/5" />
            <Add directory="/usr/include/c++/5/backward" />
            <Add directory="/usr/include/x86_64-linux-gnu" />
            <Add directory="/usr/include/x86_64-linux-gnu/c++/5" />
            <Add directory="/usr/lib/gcc/x86_64-linux-gnu/5/include" />
            <Add directory="/usr/lib/gcc/x86_64-linux-gnu/5/include-fixed" />
            <Add directory="/usr/local/cuda-8.0/include" />
            <Add directory="/usr/local/include" />
         </Compiler>
         <MakeCommands>
            <Build command="/usr/bin/make -f &quot;/home/charlie/Documents/Two-i/darknet/build-arapaho-Desktop_Qt_5_10_1_GCC_64bit-Du00e9faut/Makefile&quot;  VERBOSE=1 arapaho" />
            <CompileFile command="/usr/bin/make -f &quot;/home/charlie/Documents/Two-i/darknet/build-arapaho-Desktop_Qt_5_10_1_GCC_64bit-Du00e9faut/Makefile&quot;  VERBOSE=1 &quot;$file&quot;" />
            <Clean command="/usr/bin/make -f &quot;/home/charlie/Documents/Two-i/darknet/build-arapaho-Desktop_Qt_5_10_1_GCC_64bit-Du00e9faut/Makefile&quot;  VERBOSE=1 clean" />
            <DistClean command="/usr/bin/make -f &quot;/home/charlie/Documents/Two-i/darknet/build-arapaho-Desktop_Qt_5_10_1_GCC_64bit-Du00e9faut/Makefile&quot;  VERBOSE=1 clean" />
         </MakeCommands>
      </Target>
      <Target title="arapaho/fast">
         <Option output="/home/charlie/Documents/Two-i/darknet/build-arapaho-Desktop_Qt_5_10_1_GCC_64bit-Du00e9faut/arapaho" prefix_auto="0" extension_auto="0" />
         <Option working_dir="/home/charlie/Documents/Two-i/darknet/build-arapaho-Desktop_Qt_5_10_1_GCC_64bit-Du00e9faut" />
         <Option object_output="./" />
         <Option type="1" />
         <Option compiler="gcc" />
         <Compiler>
            <Add option="-DGPU" />
            <Add option="-DCUDNN" />
            <Add directory="/home/charlie/Documents/Two-i/darknet/arapaho/../include" />
            <Add directory="/home/charlie/Documents/Two-i/darknet/arapaho/../src" />
            <Add directory="/usr/include" />
            <Add directory="/usr/include/c++/5" />
            <Add directory="/usr/include/c++/5/backward" />
            <Add directory="/usr/include/x86_64-linux-gnu" />
            <Add directory="/usr/include/x86_64-linux-gnu/c++/5" />
            <Add directory="/usr/lib/gcc/x86_64-linux-gnu/5/include" />
            <Add directory="/usr/lib/gcc/x86_64-linux-gnu/5/include-fixed" />
            <Add directory="/usr/local/cuda-8.0/include" />
            <Add directory="/usr/local/include" />
         </Compiler>
         <MakeCommands>
            <Build command="/usr/bin/make -f &quot;/home/charlie/Documents/Two-i/darknet/build-arapaho-Desktop_Qt_5_10_1_GCC_64bit-Du00e9faut/Makefile&quot;  VERBOSE=1 arapaho/fast" />
            <CompileFile command="/usr/bin/make -f &quot;/home/charlie/Documents/Two-i/darknet/build-arapaho-Desktop_Qt_5_10_1_GCC_64bit-Du00e9faut/Makefile&quot;  VERBOSE=1 &quot;$file&quot;" />
            <Clean command="/usr/bin/make -f &quot;/home/charlie/Documents/Two-i/darknet/build-arapaho-Desktop_Qt_5_10_1_GCC_64bit-Du00e9faut/Makefile&quot;  VERBOSE=1 clean" />
            <DistClean command="/usr/bin/make -f &quot;/home/charlie/Documents/Two-i/darknet/build-arapaho-Desktop_Qt_5_10_1_GCC_64bit-Du00e9faut/Makefile&quot;  VERBOSE=1 clean" />
         </MakeCommands>
      </Target>
      <Target title="headers">
         <Option working_dir="/home/charlie/Documents/Two-i/darknet/build-arapaho-Desktop_Qt_5_10_1_GCC_64bit-Du00e9faut" />
         <Option type="4" />
         <MakeCommands>
            <Build command="/usr/bin/make -f &quot;/home/charlie/Documents/Two-i/darknet/build-arapaho-Desktop_Qt_5_10_1_GCC_64bit-Du00e9faut/Makefile&quot;  VERBOSE=1 headers" />
            <CompileFile command="/usr/bin/make -f &quot;/home/charlie/Documents/Two-i/darknet/build-arapaho-Desktop_Qt_5_10_1_GCC_64bit-Du00e9faut/Makefile&quot;  VERBOSE=1 &quot;$file&quot;" />
            <Clean command="/usr/bin/make -f &quot;/home/charlie/Documents/Two-i/darknet/build-arapaho-Desktop_Qt_5_10_1_GCC_64bit-Du00e9faut/Makefile&quot;  VERBOSE=1 clean" />
            <DistClean command="/usr/bin/make -f &quot;/home/charlie/Documents/Two-i/darknet/build-arapaho-Desktop_Qt_5_10_1_GCC_64bit-Du00e9faut/Makefile&quot;  VERBOSE=1 clean" />
         </MakeCommands>
      </Target>
      </Build>
      <Unit filename="/home/charlie/Documents/Two-i/darknet/arapaho/arapaho.cpp">
         <Option target="arapaho"/>
      </Unit>
      <Unit filename="/home/charlie/Documents/Two-i/darknet/arapaho/arapaho.hpp">
         <Option target="arapaho"/>
      </Unit>
      <Unit filename="/home/charlie/Documents/Two-i/darknet/arapaho/test.cpp">
         <Option target="arapaho"/>
      </Unit>
      <Unit filename="/home/charlie/Documents/Two-i/darknet/arapaho/yolopp.cpp">
         <Option target="arapaho"/>
      </Unit>
      <Unit filename="/home/charlie/Documents/Two-i/darknet/arapaho/yolopp.h">
         <Option target="headers"/>
      </Unit>
      <Unit filename="/home/charlie/Documents/Two-i/darknet/arapaho/CMakeLists.txt">
          <Option virtualFolder="CMake Files\" />
      </Unit>
   </Project>
</CodeBlocks_project_file>
